// !$*UTF8*$!
{
	archiveVersion = 1;
	classes = {
	};
	objectVersion = 46;
	objects = {

/* Begin PBXBuildFile section */
		613477671D70A7000084DD70 /* AppDelegate.swift in Sources */ = {isa = PBXBuildFile; fileRef = 613477661D70A7000084DD70 /* AppDelegate.swift */; };
		613477691D70A7000084DD70 /* ViewController.swift in Sources */ = {isa = PBXBuildFile; fileRef = 613477681D70A7000084DD70 /* ViewController.swift */; };
		6134776C1D70A7000084DD70 /* Main.storyboard in Resources */ = {isa = PBXBuildFile; fileRef = 6134776A1D70A7000084DD70 /* Main.storyboard */; };
		6134776E1D70A7000084DD70 /* Assets.xcassets in Resources */ = {isa = PBXBuildFile; fileRef = 6134776D1D70A7000084DD70 /* Assets.xcassets */; };
		613477711D70A7000084DD70 /* LaunchScreen.storyboard in Resources */ = {isa = PBXBuildFile; fileRef = 6134776F1D70A7000084DD70 /* LaunchScreen.storyboard */; };
/* End PBXBuildFile section */

/* Begin PBXFileReference section */
		613477631D70A7000084DD70 /* QR Scanner.app */ = {isa = PBXFileReference; explicitFileType = wrapper.application; includeInIndex = 0; path = "QR Scanner.app"; sourceTree = BUILT_PRODUCTS_DIR; };
		613477661D70A7000084DD70 /* AppDelegate.swift */ = {isa = PBXFileReference; lastKnownFileType = sourcecode.swift; path = AppDelegate.swift; sourceTree = "<group>"; };
		613477681D70A7000084DD70 /* ViewController.swift */ = {isa = PBXFileReference; lastKnownFileType = sourcecode.swift; path = ViewController.swift; sourceTree = "<group>"; };
		6134776B1D70A7000084DD70 /* Base */ = {isa = PBXFileReference; lastKnownFileType = file.storyboard; name = Base; path = Base.lproj/Main.storyboard; sourceTree = "<group>"; };
		6134776D1D70A7000084DD70 /* Assets.xcassets */ = {isa = PBXFileReference; lastKnownFileType = folder.assetcatalog; path = Assets.xcassets; sourceTree = "<group>"; };
		613477701D70A7000084DD70 /* Base */ = {isa = PBXFileReference; lastKnownFileType = file.storyboard; name = Base; path = Base.lproj/LaunchScreen.storyboard; sourceTree = "<group>"; };
		613477721D70A7000084DD70 /* Info.plist */ = {isa = PBXFileReference; lastKnownFileType = text.plist.xml; path = Info.plist; sourceTree = "<group>"; };
/* End PBXFileReference section */

/* Begin PBXFrameworksBuildPhase section */
		613477601D70A7000084DD70 /* Frameworks */ = {
			isa = PBXFrameworksBuildPhase;
			buildActionMask = 2147483647;
			files = (
			);
			runOnlyForDeploymentPostprocessing = 0;
		};
/* End PBXFrameworksBuildPhase section */

/* Begin PBXGroup section */
		6134775A1D70A6FF0084DD70 = {
			isa = PBXGroup;
			children = (
				613477651D70A7000084DD70 /* QR Scanner */,
				613477641D70A7000084DD70 /* Products */,
			);
			sourceTree = "<group>";
		};
		613477641D70A7000084DD70 /* Products */ = {
			isa = PBXGroup;
			children = (
				613477631D70A7000084DD70 /* QR Scanner.app */,
			);
			name = Products;
			sourceTree = "<group>";
		};
		613477651D70A7000084DD70 /* QR Scanner */ = {
			isa = PBXGroup;
			children = (
				613477661D70A7000084DD70 /* AppDelegate.swift */,
				613477681D70A7000084DD70 /* ViewController.swift */,
				6134776A1D70A7000084DD70 /* Main.storyboard */,
				6134776D1D70A7000084DD70 /* Assets.xcassets */,
				6134776F1D70A7000084DD70 /* LaunchScreen.storyboard */,
				613477721D70A7000084DD70 /* Info.plist */,
			);
			path = "QR Scanner";
			sourceTree = "<group>";
		};
/* End PBXGroup section */

/* Begin PBXNativeTarget section */
		613477621D70A7000084DD70 /* QR Scanner */ = {
			isa = PBXNativeTarget;
			buildConfigurationList = 613477751D70A7000084DD70 /* Build configuration list for PBXNativeTarget "QR Scanner" */;
			buildPhases = (
				6134775F1D70A7000084DD70 /* Sources */,
				613477601D70A7000084DD70 /* Frameworks */,
				613477611D70A7000084DD70 /* Resources */,
			);
			buildRules = (
			);
			dependencies = (
			);
			name = "QR Scanner";
			productName = "QR Scanner";
			productReference = 613477631D70A7000084DD70 /* QR Scanner.app */;
			productType = "com.apple.product-type.application";
		};
/* End PBXNativeTarget section */

/* Begin PBXProject section */
		6134775B1D70A6FF0084DD70 /* Project object */ = {
			isa = PBXProject;
			attributes = {
				LastSwiftUpdateCheck = 0730;
				LastUpgradeCheck = 0730;
				ORGANIZATIONNAME = "Edge Designs";
				TargetAttributes = {
					613477621D70A7000084DD70 = {
						CreatedOnToolsVersion = 7.3.1;
					};
				};
			};
			buildConfigurationList = 6134775E1D70A6FF0084DD70 /* Build configuration list for PBXProject "QR Scanner" */;
			compatibilityVersion = "Xcode 3.2";
			developmentRegion = English;
			hasScannedForEncodings = 0;
			knownRegions = (
				en,
				Base,
			);
			mainGroup = 6134775A1D70A6FF0084DD70;
			productRefGroup = 613477641D70A7000084DD70 /* Products */;
			projectDirPath = "";
			projectRoot = "";
			targets = (
				613477621D70A7000084DD70 /* QR Scanner */,
			);
		};
/* End PBXProject section */

/* Begin PBXResourcesBuildPhase section */
		613477611D70A7000084DD70 /* Resources */ = {
			isa = PBXResourcesBuildPhase;
			buildActionMask = 2147483647;
			files = (
				613477711D70A7000084DD70 /* LaunchScreen.storyboard in Resources */,
				6134776E1D70A7000084DD70 /* Assets.xcassets in Resources */,
				6134776C1D70A7000084DD70 /* Main.storyboard in Resources */,
			);
			runOnlyForDeploymentPostprocessing = 0;
		};
/* End PBXResourcesBuildPhase section */

/* Begin PBXSourcesBuildPhase section */
		6134775F1D70A7000084DD70 /* Sources */ = {
			isa = PBXSourcesBuildPhase;
			buildActionMask = 2147483647;
			files = (
				613477691D70A7000084DD70 /* ViewController.swift in Sources */,
				613477671D70A7000084DD70 /* AppDelegate.swift in Sources */,
			);
			runOnlyForDeploymentPostprocessing = 0;
		};
/* End PBXSourcesBuildPhase section */

/* Begin PBXVariantGroup section */
		6134776A1D70A7000084DD70 /* Main.storyboard */ = {
			isa = PBXVariantGroup;
			children = (
				6134776B1D70A7000084DD70 /* Base */,
			);
			name = Main.storyboard;
			sourceTree = "<group>";
		};
		6134776F1D70A7000084DD70 /* LaunchScreen.storyboard */ = {
			isa = PBXVariantGroup;
			children = (
				613477701D70A7000084DD70 /* Base */,
			);
			name = LaunchScreen.storyboard;
			sourceTree = "<group>";
		};
/* End PBXVariantGroup section */

/* Begin XCBuildConfiguration section */
		613477731D70A7000084DD70 /* Debug */ = {
			isa = XCBuildConfiguration;
			buildSettings = {
				ALWAYS_SEARCH_USER_PATHS = NO;
				CLANG_ANALYZER_NONNULL = YES;
				CLANG_CXX_LANGUAGE_STANDARD = "gnu++0x";
				CLANG_CXX_LIBRARY = "libc++";
				CLANG_ENABLE_MODULES = YES;
				CLANG_ENABLE_OBJC_ARC = YES;
				CLANG_WARN_BOOL_CONVERSION = YES;
				CLANG_WARN_CONSTANT_CONVERSION = YES;
				CLANG_WARN_DIRECT_OBJC_ISA_USAGE = YES_ERROR;
				CLANG_WARN_EMPTY_BODY = YES;
				CLANG_WARN_ENUM_CONVERSION = YES;
				CLANG_WARN_INT_CONVERSION = YES;
				CLANG_WARN_OBJC_ROOT_CLASS = YES_ERROR;
				CLANG_WARN_UNREACHABLE_CODE = YES;
				CLANG_WARN__DUPLICATE_METHOD_MATCH = YES;
				"CODE_SIGN_IDENTITY[sdk=iphoneos*]" = "iPhone Developer";
				COPY_PHASE_STRIP = NO;
				DEBUG_INFORMATION_FORMAT = dwarf;
				ENABLE_STRICT_OBJC_MSGSEND = YES;
				ENABLE_TESTABILITY = YES;
				GCC_C_LANGUAGE_STANDARD = gnu99;
				GCC_DYNAMIC_NO_PIC = NO;
				GCC_NO_COMMON_BLOCKS = YES;
				GCC_OPTIMIZATION_LEVEL = 0;
				GCC_PREPROCESSOR_DEFINITIONS = (
					"DEBUG=1",
					"$(inherited)",
				);
				GCC_WARN_64_TO_32_BIT_CONVERSION = YES;
				GCC_WARN_ABOUT_RETURN_TYPE = YES_ERROR;
				GCC_WARN_UNDECLARED_SELECTOR = YES;
				GCC_WARN_UNINITIALIZED_AUTOS = YES_AGGRESSIVE;
				GCC_WARN_UNUSED_FUNCTION = YES;
				GCC_WARN_UNUSED_VARIABLE = YES;
				IPHONEOS_DEPLOYMENT_TARGET = 9.3;
				MTL_ENABLE_DEBUG_INFO = YES;
				ONLY_ACTIVE_ARCH = YES;
				SDKROOT = iphoneos;
				SWIFT_OPTIMIZATION_LEVEL = "-Onone";
				TARGETED_DEVICE_FAMILY = "1,2";
			};
			name = Debug;
		};
		613477741D70A7000084DD70 /* Release */ = {
			isa = XCBuildConfiguration;
			buildSettings = {
				ALWAYS_SEARCH_USER_PATHS = NO;
				CLANG_ANALYZER_NONNULL = YES;
				CLANG_CXX_LANGUAGE_STANDARD = "gnu++0x";
				CLANG_CXX_LIBRARY = "libc++";
				CLANG_ENABLE_MODULES = YES;
				CLANG_ENABLE_OBJC_ARC = YES;
				CLANG_WARN_BOOL_CONVERSION = YES;
				CLANG_WARN_CONSTANT_CONVERSION = YES;
				CLANG_WARN_DIRECT_OBJC_ISA_USAGE = YES_ERROR;
				CLANG_WARN_EMPTY_BODY = YES;
				CLANG_WARN_ENUM_CONVERSION = YES;
				CLANG_WARN_INT_CONVERSION = YES;
				CLANG_WARN_OBJC_ROOT_CLASS = YES_ERROR;
				CLANG_WARN_UNREACHABLE_CODE = YES;
				CLANG_WARN__DUPLICATE_METHOD_MATCH = YES;
				"CODE_SIGN_IDENTITY[sdk=iphoneos*]" = "iPhone Developer";
				COPY_PHASE_STRIP = NO;
				DEBUG_INFORMATION_FORMAT = "dwarf-with-dsym";
				ENABLE_NS_ASSERTIONS = NO;
				ENABLE_STRICT_OBJC_MSGSEND = YES;
				GCC_C_LANGUAGE_STANDARD = gnu99;
				GCC_NO_COMMON_BLOCKS = YES;
				GCC_WARN_64_TO_32_BIT_CONVERSION = YES;
				GCC_WARN_ABOUT_RETURN_TYPE = YES_ERROR;
				GCC_WARN_UNDECLARED_SELECTOR = YES;
				GCC_WARN_UNINITIALIZED_AUTOS = YES_AGGRESSIVE;
				GCC_WARN_UNUSED_FUNCTION = YES;
				GCC_WARN_UNUSED_VARIABLE = YES;
				IPHONEOS_DEPLOYMENT_TARGET = 9.3;
				MTL_ENABLE_DEBUG_INFO = NO;
				SDKROOT = iphoneos;
				TARGETED_DEVICE_FAMILY = "1,2";
				VALIDATE_PRODUCT = YES;
			};
			name = Release;
		};
		613477761D70A7000084DD70 /* Debug */ = {
			isa = XCBuildConfiguration;
			buildSettings = {
				ASSETCATALOG_COMPILER_APPICON_NAME = AppIcon;
				INFOPLIST_FILE = "QR Scanner/Info.plist";
				LD_RUNPATH_SEARCH_PATHS = "$(inherited) @executable_path/Frameworks";
				PRODUCT_BUNDLE_IDENTIFIER = "com.edgedesigns.QR-Scanner";
				PRODUCT_NAME = "$(TARGET_NAME)";
			};
			name = Debug;
		};
		613477771D70A7000084DD70 /* Release */ = {
			isa = XCBuildConfiguration;
			buildSettings = {
				ASSETCATALOG_COMPILER_APPICON_NAME = AppIcon;
				INFOPLIST_FILE = "QR Scanner/Info.plist";
				LD_RUNPATH_SEARCH_PATHS = "$(inherited) @executable_path/Frameworks";
				PRODUCT_BUNDLE_IDENTIFIER = "com.edgedesigns.QR-Scanner";
				PRODUCT_NAME = "$(TARGET_NAME)";
			};
			name = Release;
		};
/* End XCBuildConfiguration section */

/* Begin XCConfigurationList section */
		6134775E1D70A6FF0084DD70 /* Build configuration list for PBXProject "QR Scanner" */ = {
			isa = XCConfigurationList;
			buildConfigurations = (
				613477731D70A7000084DD70 /* Debug */,
				613477741D70A7000084DD70 /* Release */,
			);
			defaultConfigurationIsVisible = 0;
			defaultConfigurationName = Release;
		};
		613477751D70A7000084DD70 /* Build configuration list for PBXNativeTarget "QR Scanner" */ = {
			isa = XCConfigurationList;
			buildConfigurations = (
				613477761D70A7000084DD70 /* Debug */,
				613477771D70A7000084DD70 /* Release */,
			);
			defaultConfigurationIsVisible = 0;
		};
/* End XCConfigurationList section */
	};
	rootObject = 6134775B1D70A6FF0084DD70 /* Project object */;
}
